{
  "version": 4,
  "terraform_version": "1.12.2",
  "serial": 7,
  "lineage": "490b4a82-32df-bb0f-ff24-d04447ec4fd1",
  "outputs": {},
  "resources": [
    {
      "mode": "data",
      "type": "google_compute_network",
      "name": "default",
      "provider": "provider[\"registry.terraform.io/hashicorp/google\"]",
      "instances": [
        {
          "schema_version": 0,
          "attributes": {
            "description": "Default network for the project",
            "gateway_ipv4": "",
            "id": "projects/sre-infrastructure-exercise/global/networks/default",
            "internal_ipv6_range": "",
            "name": "default",
            "network_id": 7226857321307123745,
            "network_profile": "",
            "numeric_id": "7226857321307123745",
            "project": null,
            "self_link": "https://www.googleapis.com/compute/v1/projects/sre-infrastructure-exercise/global/networks/default",
            "subnetworks_self_links": [
              "https://www.googleapis.com/compute/v1/projects/sre-infrastructure-exercise/regions/europe-west10/subnetworks/default",
              "https://www.googleapis.com/compute/v1/projects/sre-infrastructure-exercise/regions/asia-northeast2/subnetworks/default",
              "https://www.googleapis.com/compute/v1/projects/sre-infrastructure-exercise/regions/asia-northeast3/subnetworks/default",
              "https://www.googleapis.com/compute/v1/projects/sre-infrastructure-exercise/regions/asia-east2/subnetworks/default",
              "https://www.googleapis.com/compute/v1/projects/sre-infrastructure-exercise/regions/us-west2/subnetworks/default",
              "https://www.googleapis.com/compute/v1/projects/sre-infrastructure-exercise/regions/europe-west4/subnetworks/default",
              "https://www.googleapis.com/compute/v1/projects/sre-infrastructure-exercise/regions/me-west1/subnetworks/default",
              "https://www.googleapis.com/compute/v1/projects/sre-infrastructure-exercise/regions/asia-east1/subnetworks/default",
              "https://www.googleapis.com/compute/v1/projects/sre-infrastructure-exercise/regions/me-central1/subnetworks/default",
              "https://www.googleapis.com/compute/v1/projects/sre-infrastructure-exercise/regions/northamerica-northeast1/subnetworks/default",
              "https://www.googleapis.com/compute/v1/projects/sre-infrastructure-exercise/regions/australia-southeast2/subnetworks/default",
              "https://www.googleapis.com/compute/v1/projects/sre-infrastructure-exercise/regions/us-west4/subnetworks/default",
              "https://www.googleapis.com/compute/v1/projects/sre-infrastructure-exercise/regions/europe-central2/subnetworks/default",
              "https://www.googleapis.com/compute/v1/projects/sre-infrastructure-exercise/regions/asia-southeast1/subnetworks/default",
              "https://www.googleapis.com/compute/v1/projects/sre-infrastructure-exercise/regions/northamerica-northeast2/subnetworks/default",
              "https://www.googleapis.com/compute/v1/projects/sre-infrastructure-exercise/regions/us-west3/subnetworks/default",
              "https://www.googleapis.com/compute/v1/projects/sre-infrastructure-exercise/regions/asia-southeast2/subnetworks/default",
              "https://www.googleapis.com/compute/v1/projects/sre-infrastructure-exercise/regions/northamerica-south1/subnetworks/default",
              "https://www.googleapis.com/compute/v1/projects/sre-infrastructure-exercise/regions/europe-west8/subnetworks/default",
              "https://www.googleapis.com/compute/v1/projects/sre-infrastructure-exercise/regions/europe-west9/subnetworks/default",
              "https://www.googleapis.com/compute/v1/projects/sre-infrastructure-exercise/regions/us-east5/subnetworks/default",
              "https://www.googleapis.com/compute/v1/projects/sre-infrastructure-exercise/regions/europe-west12/subnetworks/default",
              "https://www.googleapis.com/compute/v1/projects/sre-infrastructure-exercise/regions/asia-south2/subnetworks/default",
              "https://www.googleapis.com/compute/v1/projects/sre-infrastructure-exercise/regions/southamerica-east1/subnetworks/default",
              "https://www.googleapis.com/compute/v1/projects/sre-infrastructure-exercise/regions/us-east1/subnetworks/default",
              "https://www.googleapis.com/compute/v1/projects/sre-infrastructure-exercise/regions/europe-west3/subnetworks/default",
              "https://www.googleapis.com/compute/v1/projects/sre-infrastructure-exercise/regions/asia-south1/subnetworks/default",
              "https://www.googleapis.com/compute/v1/projects/sre-infrastructure-exercise/regions/africa-south1/subnetworks/default",
              "https://www.googleapis.com/compute/v1/projects/sre-infrastructure-exercise/regions/southamerica-west1/subnetworks/default",
              "https://www.googleapis.com/compute/v1/projects/sre-infrastructure-exercise/regions/us-south1/subnetworks/default",
              "https://www.googleapis.com/compute/v1/projects/sre-infrastructure-exercise/regions/us-central1/subnetworks/default",
              "https://www.googleapis.com/compute/v1/projects/sre-infrastructure-exercise/regions/europe-southwest1/subnetworks/default",
              "https://www.googleapis.com/compute/v1/projects/sre-infrastructure-exercise/regions/europe-west6/subnetworks/default",
              "https://www.googleapis.com/compute/v1/projects/sre-infrastructure-exercise/regions/europe-north1/subnetworks/default",
              "https://www.googleapis.com/compute/v1/projects/sre-infrastructure-exercise/regions/australia-southeast1/subnetworks/default",
              "https://www.googleapis.com/compute/v1/projects/sre-infrastructure-exercise/regions/us-east4/subnetworks/default",
              "https://www.googleapis.com/compute/v1/projects/sre-infrastructure-exercise/regions/europe-west2/subnetworks/default",
              "https://www.googleapis.com/compute/v1/projects/sre-infrastructure-exercise/regions/us-west1/subnetworks/default",
              "https://www.googleapis.com/compute/v1/projects/sre-infrastructure-exercise/regions/europe-north2/subnetworks/default",
              "https://www.googleapis.com/compute/v1/projects/sre-infrastructure-exercise/regions/europe-west1/subnetworks/default",
              "https://www.googleapis.com/compute/v1/projects/sre-infrastructure-exercise/regions/asia-northeast1/subnetworks/default"
            ]
          },
          "sensitive_attributes": [],
          "identity_schema_version": 0
        }
      ]
    },
    {
      "mode": "managed",
      "type": "google_compute_firewall",
      "name": "web",
      "provider": "provider[\"registry.terraform.io/hashicorp/google\"]",
      "instances": [
        {
          "schema_version": 1,
          "attributes": {
            "allow": [
              {
                "ports": [
                  "80",
                  "443"
                ],
                "protocol": "tcp"
              }
            ],
            "creation_timestamp": "2025-06-25T17:53:40.517-07:00",
            "deny": [],
            "description": "",
            "destination_ranges": [],
            "direction": "INGRESS",
            "disabled": false,
            "enable_logging": null,
            "id": "projects/sre-infrastructure-exercise/global/firewalls/sre-allow-web",
            "log_config": [],
            "name": "sre-allow-web",
            "network": "https://www.googleapis.com/compute/v1/projects/sre-infrastructure-exercise/global/networks/default",
            "priority": 1000,
            "project": "sre-infrastructure-exercise",
            "self_link": "https://www.googleapis.com/compute/v1/projects/sre-infrastructure-exercise/global/firewalls/sre-allow-web",
            "source_ranges": [
              "0.0.0.0/0"
            ],
            "source_service_accounts": null,
            "source_tags": null,
            "target_service_accounts": null,
            "target_tags": [
              "web"
            ],
            "timeouts": null
          },
          "sensitive_attributes": [],
          "identity_schema_version": 0,
          "private": "eyJlMmJmYjczMC1lY2FhLTExZTYtOGY4OC0zNDM2M2JjN2M0YzAiOnsiY3JlYXRlIjoxMjAwMDAwMDAwMDAwLCJkZWxldGUiOjEyMDAwMDAwMDAwMDAsInVwZGF0ZSI6MTIwMDAwMDAwMDAwMH0sInNjaGVtYV92ZXJzaW9uIjoiMSJ9",
          "dependencies": [
            "data.google_compute_network.default"
          ]
        }
      ]
    },
    {
      "mode": "managed",
      "type": "google_compute_http_health_check",
      "name": "web_health",
      "provider": "provider[\"registry.terraform.io/hashicorp/google\"]",
      "instances": [
        {
          "schema_version": 0,
          "attributes": {
            "check_interval_sec": 5,
            "creation_timestamp": "2025-06-25T17:53:40.424-07:00",
            "description": "",
            "healthy_threshold": 2,
            "host": "",
            "id": "projects/sre-infrastructure-exercise/global/httpHealthChecks/sre-web-health",
            "name": "sre-web-health",
            "port": 80,
            "project": "sre-infrastructure-exercise",
            "request_path": "/",
            "self_link": "https://www.googleapis.com/compute/v1/projects/sre-infrastructure-exercise/global/httpHealthChecks/sre-web-health",
            "timeout_sec": 5,
            "timeouts": null,
            "unhealthy_threshold": 2
          },
          "sensitive_attributes": [],
          "identity_schema_version": 0,
          "private": "eyJlMmJmYjczMC1lY2FhLTExZTYtOGY4OC0zNDM2M2JjN2M0YzAiOnsiY3JlYXRlIjoxMjAwMDAwMDAwMDAwLCJkZWxldGUiOjEyMDAwMDAwMDAwMDAsInVwZGF0ZSI6MTIwMDAwMDAwMDAwMH19"
        }
      ]
    },
    {
      "mode": "managed",
      "type": "google_dns_managed_zone",
      "name": "app_zone",
      "provider": "provider[\"registry.terraform.io/hashicorp/google\"]",
      "instances": [
        {
          "schema_version": 0,
          "attributes": {
            "cloud_logging_config": [
              {
                "enable_logging": false
              }
            ],
            "creation_time": "2025-06-26T00:53:40.410Z",
            "description": "Managed by Terraform",
            "dns_name": "app.example.com.",
            "dnssec_config": [],
            "effective_labels": {
              "goog-terraform-provisioned": "true"
            },
            "force_destroy": false,
            "forwarding_config": [],
            "id": "projects/sre-infrastructure-exercise/managedZones/sre-app-zone",
            "labels": null,
            "managed_zone_id": 9105351250673981446,
            "name": "sre-app-zone",
            "name_servers": [
              "ns-cloud-c1.googledomains.com.",
              "ns-cloud-c2.googledomains.com.",
              "ns-cloud-c3.googledomains.com.",
              "ns-cloud-c4.googledomains.com."
            ],
            "peering_config": [],
            "private_visibility_config": [],
            "project": "sre-infrastructure-exercise",
            "terraform_labels": {
              "goog-terraform-provisioned": "true"
            },
            "timeouts": null,
            "visibility": "public"
          },
          "sensitive_attributes": [],
          "identity_schema_version": 0,
          "private": "eyJlMmJmYjczMC1lY2FhLTExZTYtOGY4OC0zNDM2M2JjN2M0YzAiOnsiY3JlYXRlIjoxMjAwMDAwMDAwMDAwLCJkZWxldGUiOjEyMDAwMDAwMDAwMDAsInVwZGF0ZSI6MTIwMDAwMDAwMDAwMH19"
        }
      ]
    },
    {
      "mode": "managed",
      "type": "google_sql_database",
      "name": "app_db",
      "provider": "provider[\"registry.terraform.io/hashicorp/google\"]",
      "instances": [
        {
          "schema_version": 0,
          "attributes": {
            "charset": "UTF8",
            "collation": "en_US.UTF8",
            "deletion_policy": "DELETE",
            "id": "projects/sre-infrastructure-exercise/instances/sre-postgres/databases/app_db",
            "instance": "sre-postgres",
            "name": "app_db",
            "project": "sre-infrastructure-exercise",
            "self_link": "https://sqladmin.googleapis.com/sql/v1beta4/projects/sre-infrastructure-exercise/instances/sre-postgres/databases/app_db",
            "timeouts": null
          },
          "sensitive_attributes": [],
          "identity_schema_version": 0,
          "private": "eyJlMmJmYjczMC1lY2FhLTExZTYtOGY4OC0zNDM2M2JjN2M0YzAiOnsiY3JlYXRlIjoxMjAwMDAwMDAwMDAwLCJkZWxldGUiOjEyMDAwMDAwMDAwMDAsInVwZGF0ZSI6MTIwMDAwMDAwMDAwMH19",
          "dependencies": [
            "google_sql_database_instance.postgres"
          ]
        }
      ]
    },
    {
      "mode": "managed",
      "type": "google_sql_database_instance",
      "name": "postgres",
      "provider": "provider[\"registry.terraform.io/hashicorp/google\"]",
      "instances": [
        {
          "schema_version": 0,
          "attributes": {
            "available_maintenance_versions": [],
            "clone": [],
            "connection_name": "sre-infrastructure-exercise:us-central1:sre-postgres",
            "database_version": "POSTGRES_15",
            "deletion_protection": true,
            "dns_name": "",
            "dns_names": [],
            "encryption_key_name": null,
            "first_ip_address": "34.16.18.10",
            "id": "sre-postgres",
            "instance_type": "CLOUD_SQL_INSTANCE",
            "ip_address": [
              {
                "ip_address": "34.16.18.10",
                "time_to_retire": "",
                "type": "PRIMARY"
              },
              {
                "ip_address": "34.27.236.9",
                "time_to_retire": "",
                "type": "OUTGOING"
              }
            ],
            "maintenance_version": "POSTGRES_15_13.R20250302.00_31",
            "master_instance_name": "",
            "name": "sre-postgres",
            "private_ip_address": "",
            "project": "sre-infrastructure-exercise",
            "psc_service_attachment_link": "",
            "public_ip_address": "34.16.18.10",
            "region": "us-central1",
            "replica_configuration": [],
            "replica_names": [],
            "replication_cluster": [
              {
                "dr_replica": false,
                "failover_dr_replica_name": ""
              }
            ],
            "restore_backup_context": [],
            "root_password": null,
            "self_link": "https://sqladmin.googleapis.com/sql/v1beta4/projects/sre-infrastructure-exercise/instances/sre-postgres",
            "server_ca_cert": [
              {
                "cert": "-----BEGIN CERTIFICATE-----\nMIIDfzCCAmegAwIBAgIBADANBgkqhkiG9w0BAQsFADB3MS0wKwYDVQQuEyQwZTNk\nOTUwYy0yOTkzLTQ1M2YtOGEyZi0zYTYwMmMxMmViYmMxIzAhBgNVBAMTGkdvb2ds\nZSBDbG91ZCBTUUwgU2VydmVyIENBMRQwEgYDVQQKEwtHb29nbGUsIEluYzELMAkG\nA1UEBhMCVVMwHhcNMjUwNjI2MDA1NDE5WhcNMzUwNjI0MDA1NTE5WjB3MS0wKwYD\nVQQuEyQwZTNkOTUwYy0yOTkzLTQ1M2YtOGEyZi0zYTYwMmMxMmViYmMxIzAhBgNV\nBAMTGkdvb2dsZSBDbG91ZCBTUUwgU2VydmVyIENBMRQwEgYDVQQKEwtHb29nbGUs\nIEluYzELMAkGA1UEBhMCVVMwggEiMA0GCSqGSIb3DQEBAQUAA4IBDwAwggEKAoIB\nAQC+2vpuiZYEyksUOZXFeSbEleDH+KBpuYGpwDsrtJiiWm5DB7cyfN3opwK7gYk5\n5qcruDskZGGZR6qK/kfiCVOvobYsjp/zAkOeNteAICT1axB3jJ7wvGHf9FLZuK67\n/6Ev+4Wnzj0AVklhky/umFELFlQA6zaNEoiAYROi1x28JjmtyLcYy7pZmp6gDlvi\nFU+uEmmKRAADPlDIxp5R2DiVFCKimb2gGxnwvQ6nuwYaYVdkxGCJOY1JBaB+uVqR\nQ52TZ+JMnznlrmyTYMjdK+Q7U5kW6ZkEOMOyuLfwagglIR87gF+0pSR8A74lx4pt\no5BOTcft9kxDLLI8zTRP25AJAgMBAAGjFjAUMBIGA1UdEwEB/wQIMAYBAf8CAQAw\nDQYJKoZIhvcNAQELBQADggEBAAcRMQQYjoyh6bPPj4eu+Li13UylwC33MgYj+Qfd\nWxGYWzuAe9UOqQxwxKufK+UCfsTAgauqM4HyXAaPaPEfaYNxFngiZ8ix6THaeWTU\nrqZ06PGaW7wjiOfskgMrY3Lyvm7IfVHeVVTy03lVhkXrueTOBDdPx3SyxIwMAk2x\na+jgqox5W+6272y9Dq0gzftC6A47pu/R/Thh8vHQCH9bI/BPGRMVGRnufWdFjUky\nfNuwicRzIo9Ox7esObEqxIoGDPsfW0gXF8WMIWGXyHprjsxkjPo18SfnssBGQeP9\nx3gPVScEF/KahYQjWKHZvzljFVWjShHPThAoZjnGMcj/q+w=\n-----END CERTIFICATE-----",
                "common_name": "C=US,O=Google\\, Inc,CN=Google Cloud SQL Server CA,dnQualifier=0e3d950c-2993-453f-8a2f-3a602c12ebbc",
                "create_time": "2025-06-26T00:54:19.430Z",
                "expiration_time": "2035-06-24T00:55:19.430Z",
                "sha1_fingerprint": "c2305d42abba2b398174129a1e6ca8b11156a360"
              }
            ],
            "service_account_email_address": "p1089239793759-155yxq@gcp-sa-cloud-sql.iam.gserviceaccount.com",
            "settings": [
              {
                "activation_policy": "ALWAYS",
                "active_directory_config": [],
                "advanced_machine_features": [],
                "availability_type": "ZONAL",
                "backup_configuration": [
                  {
                    "backup_retention_settings": [
                      {
                        "retained_backups": 7,
                        "retention_unit": "COUNT"
                      }
                    ],
                    "binary_log_enabled": false,
                    "enabled": false,
                    "location": "",
                    "point_in_time_recovery_enabled": false,
                    "start_time": "17:00",
                    "transaction_log_retention_days": 7
                  }
                ],
                "collation": "",
                "connection_pool_config": [],
                "connector_enforcement": "NOT_REQUIRED",
                "data_cache_config": [
                  {
                    "data_cache_enabled": false
                  }
                ],
                "database_flags": [],
                "deletion_protection_enabled": false,
                "deny_maintenance_period": [],
                "disk_autoresize": true,
                "disk_autoresize_limit": 0,
                "disk_size": 10,
                "disk_type": "PD_SSD",
                "edition": "ENTERPRISE",
                "enable_dataplex_integration": false,
                "enable_google_ml_integration": false,
                "insights_config": [],
                "ip_configuration": [
                  {
                    "allocated_ip_range": "",
                    "authorized_networks": [],
                    "custom_subject_alternative_names": [],
                    "enable_private_path_for_google_cloud_services": false,
                    "ipv4_enabled": true,
                    "private_network": "",
                    "psc_config": [],
                    "server_ca_mode": "GOOGLE_MANAGED_INTERNAL_CA",
                    "server_ca_pool": "",
                    "ssl_mode": "ALLOW_UNENCRYPTED_AND_ENCRYPTED"
                  }
                ],
                "location_preference": [
                  {
                    "follow_gae_application": "",
                    "secondary_zone": "",
                    "zone": "us-central1-c"
                  }
                ],
                "maintenance_window": [],
                "password_validation_policy": [],
                "pricing_plan": "PER_USE",
                "retain_backups_on_delete": false,
                "sql_server_audit_config": [],
                "tier": "db-f1-micro",
                "time_zone": "",
                "user_labels": {},
                "version": 1
              }
            ],
            "timeouts": null
          },
          "sensitive_attributes": [
            [
              {
                "type": "get_attr",
                "value": "root_password"
              }
            ],
            [
              {
                "type": "get_attr",
                "value": "server_ca_cert"
              }
            ]
          ],
          "identity_schema_version": 0,
          "private": "eyJlMmJmYjczMC1lY2FhLTExZTYtOGY4OC0zNDM2M2JjN2M0YzAiOnsiY3JlYXRlIjo1NDAwMDAwMDAwMDAwLCJkZWxldGUiOjU0MDAwMDAwMDAwMDAsInVwZGF0ZSI6NTQwMDAwMDAwMDAwMH19"
        }
      ]
    }
  ],
  "check_results": null
}
